{
  "object": {
    "pins": [
      {
        "package": "xctest-dynamic-overlay",
        "repositoryURL": "git@github.com:matheus-air/xctest-dynamic-overlay.git",
        "state": {
          "branch": "ios-11-compatibility",
          "revision": "623a0f8757c530d495558e4f1eddef17cf93f6e8",
          "version": null
        }
      }
    ]
  },
  "version": 1
}
